// !$*UTF8*$!
{
	archiveVersion = 1;
	classes = {
	};
	objectVersion = 46;
	objects = {

/* Begin PBXBuildFile section */
		0A2937AC1B80E68700A2351F /* AppDelegate.swift in Sources */ = {isa = PBXBuildFile; fileRef = 0A2937AB1B80E68700A2351F /* AppDelegate.swift */; };
		0A2937AE1B80E68700A2351F /* ViewController.swift in Sources */ = {isa = PBXBuildFile; fileRef = 0A2937AD1B80E68700A2351F /* ViewController.swift */; };
		0A2937B11B80E68700A2351F /* Main.storyboard in Resources */ = {isa = PBXBuildFile; fileRef = 0A2937AF1B80E68700A2351F /* Main.storyboard */; };
		0A2937B31B80E68700A2351F /* Images.xcassets in Resources */ = {isa = PBXBuildFile; fileRef = 0A2937B21B80E68700A2351F /* Images.xcassets */; };
		0A2937B61B80E68700A2351F /* LaunchScreen.xib in Resources */ = {isa = PBXBuildFile; fileRef = 0A2937B41B80E68700A2351F /* LaunchScreen.xib */; };
		0A2937C21B80E68700A2351F /* EpiQuizzTests.swift in Sources */ = {isa = PBXBuildFile; fileRef = 0A2937C11B80E68700A2351F /* EpiQuizzTests.swift */; };
		0A2937CC1B80FE4200A2351F /* questions.json in Resources */ = {isa = PBXBuildFile; fileRef = 0A2937CB1B80FE4200A2351F /* questions.json */; };
		0A2937CE1B80FF7800A2351F /* AskList.swift in Sources */ = {isa = PBXBuildFile; fileRef = 0A2937CD1B80FF7800A2351F /* AskList.swift */; };
		0A2937D01B8137AD00A2351F /* ClassementController.swift in Sources */ = {isa = PBXBuildFile; fileRef = 0A2937CF1B8137AD00A2351F /* ClassementController.swift */; };
		0A2937D21B8137F500A2351F /* myViewCell.swift in Sources */ = {isa = PBXBuildFile; fileRef = 0A2937D11B8137F500A2351F /* myViewCell.swift */; };
		0A31A1911B847A81002B0219 /* ProgressRound.swift in Sources */ = {isa = PBXBuildFile; fileRef = 0A31A1901B847A81002B0219 /* ProgressRound.swift */; };
		0A31A1A41B847D63002B0219 /* HTTPRequestSerializer.swift in Sources */ = {isa = PBXBuildFile; fileRef = 0A31A19E1B847D63002B0219 /* HTTPRequestSerializer.swift */; };
		0A31A1A51B847D63002B0219 /* HTTPResponseSerializer.swift in Sources */ = {isa = PBXBuildFile; fileRef = 0A31A19F1B847D63002B0219 /* HTTPResponseSerializer.swift */; };
		0A31A1A61B847D63002B0219 /* HTTPSecurity.swift in Sources */ = {isa = PBXBuildFile; fileRef = 0A31A1A01B847D63002B0219 /* HTTPSecurity.swift */; };
		0A31A1A71B847D63002B0219 /* HTTPStatusCode.swift in Sources */ = {isa = PBXBuildFile; fileRef = 0A31A1A11B847D63002B0219 /* HTTPStatusCode.swift */; };
		0A31A1A81B847D63002B0219 /* HTTPTask.swift in Sources */ = {isa = PBXBuildFile; fileRef = 0A31A1A21B847D63002B0219 /* HTTPTask.swift */; };
		0A31A1A91B847D63002B0219 /* HTTPUpload.swift in Sources */ = {isa = PBXBuildFile; fileRef = 0A31A1A31B847D63002B0219 /* HTTPUpload.swift */; };
		0A31A1AB1B849C67002B0219 /* HomeController.swift in Sources */ = {isa = PBXBuildFile; fileRef = 0A31A1AA1B849C67002B0219 /* HomeController.swift */; };
		0A6667A11B84BD7300FC33AF /* Reachability.swift in Sources */ = {isa = PBXBuildFile; fileRef = 0A6667A01B84BD7300FC33AF /* Reachability.swift */; };
		0A6667A31B84CE1E00FC33AF /* ProfileController.swift in Sources */ = {isa = PBXBuildFile; fileRef = 0A6667A21B84CE1E00FC33AF /* ProfileController.swift */; };
		0A6667A81B84DBC900FC33AF /* JLToast.swift in Sources */ = {isa = PBXBuildFile; fileRef = 0A6667A51B84DBC900FC33AF /* JLToast.swift */; };
		0A6667A91B84DBC900FC33AF /* JLToastCenter.swift in Sources */ = {isa = PBXBuildFile; fileRef = 0A6667A61B84DBC900FC33AF /* JLToastCenter.swift */; };
		0A6667AA1B84DBC900FC33AF /* JLToastView.swift in Sources */ = {isa = PBXBuildFile; fileRef = 0A6667A71B84DBC900FC33AF /* JLToastView.swift */; };
		0A6667AC1B84F5F100FC33AF /* ClassementView.swift in Sources */ = {isa = PBXBuildFile; fileRef = 0A6667AB1B84F5F100FC33AF /* ClassementView.swift */; };
		0A6667AE1B8501BB00FC33AF /* myCellTable.swift in Sources */ = {isa = PBXBuildFile; fileRef = 0A6667AD1B8501BB00FC33AF /* myCellTable.swift */; };
/* End PBXBuildFile section */

/* Begin PBXContainerItemProxy section */
		0A2937BC1B80E68700A2351F /* PBXContainerItemProxy */ = {
			isa = PBXContainerItemProxy;
			containerPortal = 0A29379E1B80E68700A2351F /* Project object */;
			proxyType = 1;
			remoteGlobalIDString = 0A2937A51B80E68700A2351F;
			remoteInfo = EpiQuizz;
		};
/* End PBXContainerItemProxy section */

/* Begin PBXFileReference section */
		0A2937A61B80E68700A2351F /* EpiQuizz.app */ = {isa = PBXFileReference; explicitFileType = wrapper.application; includeInIndex = 0; path = EpiQuizz.app; sourceTree = BUILT_PRODUCTS_DIR; };
		0A2937AA1B80E68700A2351F /* Info.plist */ = {isa = PBXFileReference; lastKnownFileType = text.plist.xml; path = Info.plist; sourceTree = "<group>"; };
		0A2937AB1B80E68700A2351F /* AppDelegate.swift */ = {isa = PBXFileReference; lastKnownFileType = sourcecode.swift; path = AppDelegate.swift; sourceTree = "<group>"; };
		0A2937AD1B80E68700A2351F /* ViewController.swift */ = {isa = PBXFileReference; lastKnownFileType = sourcecode.swift; path = ViewController.swift; sourceTree = "<group>"; };
		0A2937B01B80E68700A2351F /* Base */ = {isa = PBXFileReference; lastKnownFileType = file.storyboard; name = Base; path = Base.lproj/Main.storyboard; sourceTree = "<group>"; };
		0A2937B21B80E68700A2351F /* Images.xcassets */ = {isa = PBXFileReference; lastKnownFileType = folder.assetcatalog; path = Images.xcassets; sourceTree = "<group>"; };
		0A2937B51B80E68700A2351F /* Base */ = {isa = PBXFileReference; lastKnownFileType = file.xib; name = Base; path = Base.lproj/LaunchScreen.xib; sourceTree = "<group>"; };
		0A2937BB1B80E68700A2351F /* EpiQuizzTests.xctest */ = {isa = PBXFileReference; explicitFileType = wrapper.cfbundle; includeInIndex = 0; path = EpiQuizzTests.xctest; sourceTree = BUILT_PRODUCTS_DIR; };
		0A2937C01B80E68700A2351F /* Info.plist */ = {isa = PBXFileReference; lastKnownFileType = text.plist.xml; path = Info.plist; sourceTree = "<group>"; };
		0A2937C11B80E68700A2351F /* EpiQuizzTests.swift */ = {isa = PBXFileReference; lastKnownFileType = sourcecode.swift; path = EpiQuizzTests.swift; sourceTree = "<group>"; };
		0A2937CB1B80FE4200A2351F /* questions.json */ = {isa = PBXFileReference; fileEncoding = 4; lastKnownFileType = text.json; path = questions.json; sourceTree = "<group>"; };
		0A2937CD1B80FF7800A2351F /* AskList.swift */ = {isa = PBXFileReference; fileEncoding = 4; lastKnownFileType = sourcecode.swift; path = AskList.swift; sourceTree = "<group>"; };
		0A2937CF1B8137AD00A2351F /* ClassementController.swift */ = {isa = PBXFileReference; fileEncoding = 4; lastKnownFileType = sourcecode.swift; path = ClassementController.swift; sourceTree = "<group>"; };
		0A2937D11B8137F500A2351F /* myViewCell.swift */ = {isa = PBXFileReference; fileEncoding = 4; lastKnownFileType = sourcecode.swift; path = myViewCell.swift; sourceTree = "<group>"; };
		0A31A1901B847A81002B0219 /* ProgressRound.swift */ = {isa = PBXFileReference; fileEncoding = 4; lastKnownFileType = sourcecode.swift; path = ProgressRound.swift; sourceTree = "<group>"; };
		0A31A19E1B847D63002B0219 /* HTTPRequestSerializer.swift */ = {isa = PBXFileReference; fileEncoding = 4; lastKnownFileType = sourcecode.swift; path = HTTPRequestSerializer.swift; sourceTree = "<group>"; };
		0A31A19F1B847D63002B0219 /* HTTPResponseSerializer.swift */ = {isa = PBXFileReference; fileEncoding = 4; lastKnownFileType = sourcecode.swift; path = HTTPResponseSerializer.swift; sourceTree = "<group>"; };
		0A31A1A01B847D63002B0219 /* HTTPSecurity.swift */ = {isa = PBXFileReference; fileEncoding = 4; lastKnownFileType = sourcecode.swift; path = HTTPSecurity.swift; sourceTree = "<group>"; };
		0A31A1A11B847D63002B0219 /* HTTPStatusCode.swift */ = {isa = PBXFileReference; fileEncoding = 4; lastKnownFileType = sourcecode.swift; path = HTTPStatusCode.swift; sourceTree = "<group>"; };
		0A31A1A21B847D63002B0219 /* HTTPTask.swift */ = {isa = PBXFileReference; fileEncoding = 4; lastKnownFileType = sourcecode.swift; path = HTTPTask.swift; sourceTree = "<group>"; };
		0A31A1A31B847D63002B0219 /* HTTPUpload.swift */ = {isa = PBXFileReference; fileEncoding = 4; lastKnownFileType = sourcecode.swift; path = HTTPUpload.swift; sourceTree = "<group>"; };
		0A31A1AA1B849C67002B0219 /* HomeController.swift */ = {isa = PBXFileReference; fileEncoding = 4; lastKnownFileType = sourcecode.swift; path = HomeController.swift; sourceTree = "<group>"; };
		0A6667A01B84BD7300FC33AF /* Reachability.swift */ = {isa = PBXFileReference; fileEncoding = 4; lastKnownFileType = sourcecode.swift; path = Reachability.swift; sourceTree = "<group>"; };
		0A6667A21B84CE1E00FC33AF /* ProfileController.swift */ = {isa = PBXFileReference; fileEncoding = 4; lastKnownFileType = sourcecode.swift; path = ProfileController.swift; sourceTree = "<group>"; };
		0A6667A41B84DBC900FC33AF /* JLToast.h */ = {isa = PBXFileReference; fileEncoding = 4; lastKnownFileType = sourcecode.c.h; path = JLToast.h; sourceTree = "<group>"; };
		0A6667A51B84DBC900FC33AF /* JLToast.swift */ = {isa = PBXFileReference; fileEncoding = 4; lastKnownFileType = sourcecode.swift; path = JLToast.swift; sourceTree = "<group>"; };
		0A6667A61B84DBC900FC33AF /* JLToastCenter.swift */ = {isa = PBXFileReference; fileEncoding = 4; lastKnownFileType = sourcecode.swift; path = JLToastCenter.swift; sourceTree = "<group>"; };
		0A6667A71B84DBC900FC33AF /* JLToastView.swift */ = {isa = PBXFileReference; fileEncoding = 4; lastKnownFileType = sourcecode.swift; path = JLToastView.swift; sourceTree = "<group>"; };
		0A6667AB1B84F5F100FC33AF /* ClassementView.swift */ = {isa = PBXFileReference; fileEncoding = 4; lastKnownFileType = sourcecode.swift; path = ClassementView.swift; sourceTree = "<group>"; };
		0A6667AD1B8501BB00FC33AF /* myCellTable.swift */ = {isa = PBXFileReference; fileEncoding = 4; lastKnownFileType = sourcecode.swift; path = myCellTable.swift; sourceTree = "<group>"; };
/* End PBXFileReference section */

/* Begin PBXFrameworksBuildPhase section */
		0A2937A31B80E68700A2351F /* Frameworks */ = {
			isa = PBXFrameworksBuildPhase;
			buildActionMask = 2147483647;
			files = (
			);
			runOnlyForDeploymentPostprocessing = 0;
		};
		0A2937B81B80E68700A2351F /* Frameworks */ = {
			isa = PBXFrameworksBuildPhase;
			buildActionMask = 2147483647;
			files = (
			);
			runOnlyForDeploymentPostprocessing = 0;
		};
/* End PBXFrameworksBuildPhase section */

/* Begin PBXGroup section */
		0A29379D1B80E68700A2351F = {
			isa = PBXGroup;
			children = (
				0A2937A81B80E68700A2351F /* EpiQuizz */,
				0A2937BE1B80E68700A2351F /* EpiQuizzTests */,
				0A2937A71B80E68700A2351F /* Products */,
			);
			sourceTree = "<group>";
		};
		0A2937A71B80E68700A2351F /* Products */ = {
			isa = PBXGroup;
			children = (
				0A2937A61B80E68700A2351F /* EpiQuizz.app */,
				0A2937BB1B80E68700A2351F /* EpiQuizzTests.xctest */,
			);
			name = Products;
			sourceTree = "<group>";
		};
		0A2937A81B80E68700A2351F /* EpiQuizz */ = {
			isa = PBXGroup;
			children = (
				0A2937AB1B80E68700A2351F /* AppDelegate.swift */,
				0A31A1901B847A81002B0219 /* ProgressRound.swift */,
				0A2937AD1B80E68700A2351F /* ViewController.swift */,
				0A2937CF1B8137AD00A2351F /* ClassementController.swift */,
				0A31A1AA1B849C67002B0219 /* HomeController.swift */,
				0A6667A21B84CE1E00FC33AF /* ProfileController.swift */,
				0A2937D11B8137F500A2351F /* myViewCell.swift */,
				0A6667AD1B8501BB00FC33AF /* myCellTable.swift */,
				0A6667A01B84BD7300FC33AF /* Reachability.swift */,
				0A2937CD1B80FF7800A2351F /* AskList.swift */,
				0A6667AB1B84F5F100FC33AF /* ClassementView.swift */,
				0A2937AF1B80E68700A2351F /* Main.storyboard */,
				0A2937B21B80E68700A2351F /* Images.xcassets */,
				0A2937B41B80E68700A2351F /* LaunchScreen.xib */,
				0A2937CB1B80FE4200A2351F /* questions.json */,
				0A31A19E1B847D63002B0219 /* HTTPRequestSerializer.swift */,
				0A31A19F1B847D63002B0219 /* HTTPResponseSerializer.swift */,
				0A31A1A01B847D63002B0219 /* HTTPSecurity.swift */,
				0A31A1A11B847D63002B0219 /* HTTPStatusCode.swift */,
				0A31A1A21B847D63002B0219 /* HTTPTask.swift */,
				0A31A1A31B847D63002B0219 /* HTTPUpload.swift */,
				0A6667A41B84DBC900FC33AF /* JLToast.h */,
				0A6667A51B84DBC900FC33AF /* JLToast.swift */,
				0A6667A61B84DBC900FC33AF /* JLToastCenter.swift */,
				0A6667A71B84DBC900FC33AF /* JLToastView.swift */,
				0A2937A91B80E68700A2351F /* Supporting Files */,
			);
			path = EpiQuizz;
			sourceTree = "<group>";
		};
		0A2937A91B80E68700A2351F /* Supporting Files */ = {
			isa = PBXGroup;
			children = (
				0A2937AA1B80E68700A2351F /* Info.plist */,
			);
			name = "Supporting Files";
			sourceTree = "<group>";
		};
		0A2937BE1B80E68700A2351F /* EpiQuizzTests */ = {
			isa = PBXGroup;
			children = (
				0A2937C11B80E68700A2351F /* EpiQuizzTests.swift */,
				0A2937BF1B80E68700A2351F /* Supporting Files */,
			);
			path = EpiQuizzTests;
			sourceTree = "<group>";
		};
		0A2937BF1B80E68700A2351F /* Supporting Files */ = {
			isa = PBXGroup;
			children = (
				0A2937C01B80E68700A2351F /* Info.plist */,
			);
			name = "Supporting Files";
			sourceTree = "<group>";
		};
/* End PBXGroup section */

/* Begin PBXNativeTarget section */
		0A2937A51B80E68700A2351F /* EpiQuizz */ = {
			isa = PBXNativeTarget;
			buildConfigurationList = 0A2937C51B80E68800A2351F /* Build configuration list for PBXNativeTarget "EpiQuizz" */;
			buildPhases = (
				0A2937A21B80E68700A2351F /* Sources */,
				0A2937A31B80E68700A2351F /* Frameworks */,
				0A2937A41B80E68700A2351F /* Resources */,
			);
			buildRules = (
			);
			dependencies = (
			);
			name = EpiQuizz;
			productName = EpiQuizz;
			productReference = 0A2937A61B80E68700A2351F /* EpiQuizz.app */;
			productType = "com.apple.product-type.application";
		};
		0A2937BA1B80E68700A2351F /* EpiQuizzTests */ = {
			isa = PBXNativeTarget;
			buildConfigurationList = 0A2937C81B80E68800A2351F /* Build configuration list for PBXNativeTarget "EpiQuizzTests" */;
			buildPhases = (
				0A2937B71B80E68700A2351F /* Sources */,
				0A2937B81B80E68700A2351F /* Frameworks */,
				0A2937B91B80E68700A2351F /* Resources */,
			);
			buildRules = (
			);
			dependencies = (
				0A2937BD1B80E68700A2351F /* PBXTargetDependency */,
			);
			name = EpiQuizzTests;
			productName = EpiQuizzTests;
			productReference = 0A2937BB1B80E68700A2351F /* EpiQuizzTests.xctest */;
			productType = "com.apple.product-type.bundle.unit-test";
		};
/* End PBXNativeTarget section */

/* Begin PBXProject section */
		0A29379E1B80E68700A2351F /* Project object */ = {
			isa = PBXProject;
			attributes = {
				LastUpgradeCheck = 0640;
				ORGANIZATIONNAME = "Kevin Empociello";
				TargetAttributes = {
					0A2937A51B80E68700A2351F = {
						CreatedOnToolsVersion = 6.4;
					};
					0A2937BA1B80E68700A2351F = {
						CreatedOnToolsVersion = 6.4;
						TestTargetID = 0A2937A51B80E68700A2351F;
					};
				};
			};
			buildConfigurationList = 0A2937A11B80E68700A2351F /* Build configuration list for PBXProject "EpiQuizz" */;
			compatibilityVersion = "Xcode 3.2";
			developmentRegion = English;
			hasScannedForEncodings = 0;
			knownRegions = (
				en,
				Base,
			);
			mainGroup = 0A29379D1B80E68700A2351F;
			productRefGroup = 0A2937A71B80E68700A2351F /* Products */;
			projectDirPath = "";
			projectRoot = "";
			targets = (
				0A2937A51B80E68700A2351F /* EpiQuizz */,
				0A2937BA1B80E68700A2351F /* EpiQuizzTests */,
			);
		};
/* End PBXProject section */

/* Begin PBXResourcesBuildPhase section */
		0A2937A41B80E68700A2351F /* Resources */ = {
			isa = PBXResourcesBuildPhase;
			buildActionMask = 2147483647;
			files = (
				0A2937B11B80E68700A2351F /* Main.storyboard in Resources */,
				0A2937CC1B80FE4200A2351F /* questions.json in Resources */,
				0A2937B61B80E68700A2351F /* LaunchScreen.xib in Resources */,
				0A2937B31B80E68700A2351F /* Images.xcassets in Resources */,
			);
			runOnlyForDeploymentPostprocessing = 0;
		};
		0A2937B91B80E68700A2351F /* Resources */ = {
			isa = PBXResourcesBuildPhase;
			buildActionMask = 2147483647;
			files = (
			);
			runOnlyForDeploymentPostprocessing = 0;
		};
/* End PBXResourcesBuildPhase section */

/* Begin PBXSourcesBuildPhase section */
		0A2937A21B80E68700A2351F /* Sources */ = {
			isa = PBXSourcesBuildPhase;
			buildActionMask = 2147483647;
			files = (
				0A6667A91B84DBC900FC33AF /* JLToastCenter.swift in Sources */,
				0A31A1A71B847D63002B0219 /* HTTPStatusCode.swift in Sources */,
				0A31A1A51B847D63002B0219 /* HTTPResponseSerializer.swift in Sources */,
				0A2937D01B8137AD00A2351F /* ClassementController.swift in Sources */,
				0A31A1911B847A81002B0219 /* ProgressRound.swift in Sources */,
				0A31A1A91B847D63002B0219 /* HTTPUpload.swift in Sources */,
				0A6667A31B84CE1E00FC33AF /* ProfileController.swift in Sources */,
				0A2937AE1B80E68700A2351F /* ViewController.swift in Sources */,
				0A6667A11B84BD7300FC33AF /* Reachability.swift in Sources */,
				0A31A1AB1B849C67002B0219 /* HomeController.swift in Sources */,
				0A6667AE1B8501BB00FC33AF /* myCellTable.swift in Sources */,
				0A6667AC1B84F5F100FC33AF /* ClassementView.swift in Sources */,
				0A6667A81B84DBC900FC33AF /* JLToast.swift in Sources */,
				0A31A1A61B847D63002B0219 /* HTTPSecurity.swift in Sources */,
				0A2937CE1B80FF7800A2351F /* AskList.swift in Sources */,
				0A31A1A81B847D63002B0219 /* HTTPTask.swift in Sources */,
				0A31A1A41B847D63002B0219 /* HTTPRequestSerializer.swift in Sources */,
				0A2937AC1B80E68700A2351F /* AppDelegate.swift in Sources */,
				0A6667AA1B84DBC900FC33AF /* JLToastView.swift in Sources */,
				0A2937D21B8137F500A2351F /* myViewCell.swift in Sources */,
			);
			runOnlyForDeploymentPostprocessing = 0;
		};
		0A2937B71B80E68700A2351F /* Sources */ = {
			isa = PBXSourcesBuildPhase;
			buildActionMask = 2147483647;
			files = (
				0A2937C21B80E68700A2351F /* EpiQuizzTests.swift in Sources */,
			);
			runOnlyForDeploymentPostprocessing = 0;
		};
/* End PBXSourcesBuildPhase section */

/* Begin PBXTargetDependency section */
		0A2937BD1B80E68700A2351F /* PBXTargetDependency */ = {
			isa = PBXTargetDependency;
			target = 0A2937A51B80E68700A2351F /* EpiQuizz */;
			targetProxy = 0A2937BC1B80E68700A2351F /* PBXContainerItemProxy */;
		};
/* End PBXTargetDependency section */

/* Begin PBXVariantGroup section */
		0A2937AF1B80E68700A2351F /* Main.storyboard */ = {
			isa = PBXVariantGroup;
			children = (
				0A2937B01B80E68700A2351F /* Base */,
			);
			name = Main.storyboard;
			sourceTree = "<group>";
		};
		0A2937B41B80E68700A2351F /* LaunchScreen.xib */ = {
			isa = PBXVariantGroup;
			children = (
				0A2937B51B80E68700A2351F /* Base */,
			);
			name = LaunchScreen.xib;
			sourceTree = "<group>";
		};
/* End PBXVariantGroup section */

/* Begin XCBuildConfiguration section */
		0A2937C31B80E68700A2351F /* Debug */ = {
			isa = XCBuildConfiguration;
			buildSettings = {
				ALWAYS_SEARCH_USER_PATHS = NO;
				CLANG_CXX_LANGUAGE_STANDARD = "gnu++0x";
				CLANG_CXX_LIBRARY = "libc++";
				CLANG_ENABLE_MODULES = YES;
				CLANG_ENABLE_OBJC_ARC = YES;
				CLANG_WARN_BOOL_CONVERSION = YES;
				CLANG_WARN_CONSTANT_CONVERSION = YES;
				CLANG_WARN_DIRECT_OBJC_ISA_USAGE = YES_ERROR;
				CLANG_WARN_EMPTY_BODY = YES;
				CLANG_WARN_ENUM_CONVERSION = YES;
				CLANG_WARN_INT_CONVERSION = YES;
				CLANG_WARN_OBJC_ROOT_CLASS = YES_ERROR;
				CLANG_WARN_UNREACHABLE_CODE = YES;
				CLANG_WARN__DUPLICATE_METHOD_MATCH = YES;
				"CODE_SIGN_IDENTITY[sdk=iphoneos*]" = "iPhone Developer";
				COPY_PHASE_STRIP = NO;
				DEBUG_INFORMATION_FORMAT = "dwarf-with-dsym";
				ENABLE_STRICT_OBJC_MSGSEND = YES;
				GCC_C_LANGUAGE_STANDARD = gnu99;
				GCC_DYNAMIC_NO_PIC = NO;
				GCC_NO_COMMON_BLOCKS = YES;
				GCC_OPTIMIZATION_LEVEL = 0;
				GCC_PREPROCESSOR_DEFINITIONS = (
					"DEBUG=1",
					"$(inherited)",
				);
				GCC_SYMBOLS_PRIVATE_EXTERN = NO;
				GCC_WARN_64_TO_32_BIT_CONVERSION = YES;
				GCC_WARN_ABOUT_RETURN_TYPE = YES_ERROR;
				GCC_WARN_UNDECLARED_SELECTOR = YES;
				GCC_WARN_UNINITIALIZED_AUTOS = YES_AGGRESSIVE;
				GCC_WARN_UNUSED_FUNCTION = YES;
				GCC_WARN_UNUSED_VARIABLE = YES;
				IPHONEOS_DEPLOYMENT_TARGET = 8.4;
				MTL_ENABLE_DEBUG_INFO = YES;
				ONLY_ACTIVE_ARCH = YES;
				SDKROOT = iphoneos;
				SWIFT_OPTIMIZATION_LEVEL = "-Onone";
			};
			name = Debug;
		};
		0A2937C41B80E68700A2351F /* Release */ = {
			isa = XCBuildConfiguration;
			buildSettings = {
				ALWAYS_SEARCH_USER_PATHS = NO;
				CLANG_CXX_LANGUAGE_STANDARD = "gnu++0x";
				CLANG_CXX_LIBRARY = "libc++";
				CLANG_ENABLE_MODULES = YES;
				CLANG_ENABLE_OBJC_ARC = YES;
				CLANG_WARN_BOOL_CONVERSION = YES;
				CLANG_WARN_CONSTANT_CONVERSION = YES;
				CLANG_WARN_DIRECT_OBJC_ISA_USAGE = YES_ERROR;
				CLANG_WARN_EMPTY_BODY = YES;
				CLANG_WARN_ENUM_CONVERSION = YES;
				CLANG_WARN_INT_CONVERSION = YES;
				CLANG_WARN_OBJC_ROOT_CLASS = YES_ERROR;
				CLANG_WARN_UNREACHABLE_CODE = YES;
				CLANG_WARN__DUPLICATE_METHOD_MATCH = YES;
				"CODE_SIGN_IDENTITY[sdk=iphoneos*]" = "iPhone Developer";
				COPY_PHASE_STRIP = NO;
				DEBUG_INFORMATION_FORMAT = "dwarf-with-dsym";
				ENABLE_NS_ASSERTIONS = NO;
				ENABLE_STRICT_OBJC_MSGSEND = YES;
				GCC_C_LANGUAGE_STANDARD = gnu99;
				GCC_NO_COMMON_BLOCKS = YES;
				GCC_WARN_64_TO_32_BIT_CONVERSION = YES;
				GCC_WARN_ABOUT_RETURN_TYPE = YES_ERROR;
				GCC_WARN_UNDECLARED_SELECTOR = YES;
				GCC_WARN_UNINITIALIZED_AUTOS = YES_AGGRESSIVE;
				GCC_WARN_UNUSED_FUNCTION = YES;
				GCC_WARN_UNUSED_VARIABLE = YES;
				IPHONEOS_DEPLOYMENT_TARGET = 8.4;
				MTL_ENABLE_DEBUG_INFO = NO;
				SDKROOT = iphoneos;
				VALIDATE_PRODUCT = YES;
			};
			name = Release;
		};
		0A2937C61B80E68800A2351F /* Debug */ = {
			isa = XCBuildConfiguration;
			buildSettings = {
				ASSETCATALOG_COMPILER_APPICON_NAME = AppIcon;
				INFOPLIST_FILE = EpiQuizz/Info.plist;
				LD_RUNPATH_SEARCH_PATHS = "$(inherited) @executable_path/Frameworks";
				PRODUCT_NAME = "$(TARGET_NAME)";
			};
			name = Debug;
		};
		0A2937C71B80E68800A2351F /* Release */ = {
			isa = XCBuildConfiguration;
			buildSettings = {
				ASSETCATALOG_COMPILER_APPICON_NAME = AppIcon;
				INFOPLIST_FILE = EpiQuizz/Info.plist;
				LD_RUNPATH_SEARCH_PATHS = "$(inherited) @executable_path/Frameworks";
				PRODUCT_NAME = "$(TARGET_NAME)";
			};
			name = Release;
		};
		0A2937C91B80E68800A2351F /* Debug */ = {
			isa = XCBuildConfiguration;
			buildSettings = {
				BUNDLE_LOADER = "$(TEST_HOST)";
				FRAMEWORK_SEARCH_PATHS = (
					"$(SDKROOT)/Developer/Library/Frameworks",
					"$(inherited)",
				);
				GCC_PREPROCESSOR_DEFINITIONS = (
					"DEBUG=1",
					"$(inherited)",
				);
				INFOPLIST_FILE = EpiQuizzTests/Info.plist;
				LD_RUNPATH_SEARCH_PATHS = "$(inherited) @executable_path/Frameworks @loader_path/Frameworks";
				PRODUCT_NAME = "$(TARGET_NAME)";
				TEST_HOST = "$(BUILT_PRODUCTS_DIR)/EpiQuizz.app/EpiQuizz";
			};
			name = Debug;
		};
		0A2937CA1B80E68800A2351F /* Release */ = {
			isa = XCBuildConfiguration;
			buildSettings = {
				BUNDLE_LOADER = "$(TEST_HOST)";
				FRAMEWORK_SEARCH_PATHS = (
					"$(SDKROOT)/Developer/Library/Frameworks",
					"$(inherited)",
				);
				INFOPLIST_FILE = EpiQuizzTests/Info.plist;
				LD_RUNPATH_SEARCH_PATHS = "$(inherited) @executable_path/Frameworks @loader_path/Frameworks";
				PRODUCT_NAME = "$(TARGET_NAME)";
				TEST_HOST = "$(BUILT_PRODUCTS_DIR)/EpiQuizz.app/EpiQuizz";
			};
			name = Release;
		};
/* End XCBuildConfiguration section */

/* Begin XCConfigurationList section */
		0A2937A11B80E68700A2351F /* Build configuration list for PBXProject "EpiQuizz" */ = {
			isa = XCConfigurationList;
			buildConfigurations = (
				0A2937C31B80E68700A2351F /* Debug */,
				0A2937C41B80E68700A2351F /* Release */,
			);
			defaultConfigurationIsVisible = 0;
			defaultConfigurationName = Release;
		};
		0A2937C51B80E68800A2351F /* Build configuration list for PBXNativeTarget "EpiQuizz" */ = {
			isa = XCConfigurationList;
			buildConfigurations = (
				0A2937C61B80E68800A2351F /* Debug */,
				0A2937C71B80E68800A2351F /* Release */,
			);
			defaultConfigurationIsVisible = 0;
			defaultConfigurationName = Release;
		};
		0A2937C81B80E68800A2351F /* Build configuration list for PBXNativeTarget "EpiQuizzTests" */ = {
			isa = XCConfigurationList;
			buildConfigurations = (
				0A2937C91B80E68800A2351F /* Debug */,
				0A2937CA1B80E68800A2351F /* Release */,
			);
			defaultConfigurationIsVisible = 0;
			defaultConfigurationName = Release;
		};
/* End XCConfigurationList section */
	};
	rootObject = 0A29379E1B80E68700A2351F /* Project object */;
}
